{
  "lockfile-version": 1,
  "manifest": {
    "version": 1,
    "install": {
      "cargo": {
        "pkg-path": "cargo",
        "pkg-group": "rust-toolchain"
      },
      "clang": {
        "pkg-path": "clang",
        "systems": [
          "aarch64-darwin",
          "x86_64-darwin"
        ]
      },
      "clippy": {
        "pkg-path": "clippy",
        "pkg-group": "rust-toolchain"
      },
      "gcc": {
        "pkg-path": "gcc",
        "systems": [
          "aarch64-linux",
          "x86_64-linux"
        ]
      },
      "libiconv": {
        "pkg-path": "libiconv",
        "systems": [
          "aarch64-darwin",
          "x86_64-darwin"
        ]
      },
      "rust-analyzer": {
        "pkg-path": "rust-analyzer",
        "pkg-group": "rust-analyzer"
      },
      "rust-lib-src": {
        "pkg-path": "rustPlatform.rustLibSrc",
        "pkg-group": "rust-toolchain"
      },
      "rustc": {
        "pkg-path": "rustc",
        "pkg-group": "rust-toolchain"
      },
      "rustfmt": {
        "pkg-path": "rustfmt",
        "pkg-group": "rust-toolchain"
      }
    },
    "hook": {},
    "profile": {},
    "options": {}
  },
  "packages": [
    {
      "attr_path": "rust-analyzer",
      "broken": false,
      "derivation": "/nix/store/ika6vzi2dc4n3q3hmxksb3nyrwnv1rgw-rust-analyzer-2025-08-25.drv",
      "description": "Modular compiler frontend for the Rust language",
      "install_id": "rust-analyzer",
      "license": "[ MIT, Apache-2.0 ]",
      "locked_url": "https://github.com/flox/nixpkgs?rev=e643668fd71b949c53f8626614b21ff71a07379d",
      "name": "rust-analyzer-2025-08-25",
      "pname": "rust-analyzer",
      "rev": "e643668fd71b949c53f8626614b21ff71a07379d",
      "rev_count": 866707,
      "rev_date": "2025-09-24T05:06:22Z",
      "scrape_date": "2025-09-26T03:44:01.995133Z",
      "stabilities": [
        "unstable"
      ],
      "unfree": false,
      "version": "2025-08-25",
      "outputs_to_install": [
        "out"
      ],
      "outputs": {
        "out": "/nix/store/i4j351dsjw9jprb6aavfx6h9f56r42mv-rust-analyzer-2025-08-25"
      },
      "system": "aarch64-darwin",
      "group": "rust-analyzer",
      "priority": 5
    },
    {
      "attr_path": "rust-analyzer",
      "broken": false,
      "derivation": "/nix/store/dw1hz2s9z2pqa15bdl35p6w21mlyvndi-rust-analyzer-2025-08-25.drv",
      "description": "Modular compiler frontend for the Rust language",
      "install_id": "rust-analyzer",
      "license": "[ MIT, Apache-2.0 ]",
      "locked_url": "https://github.com/flox/nixpkgs?rev=e643668fd71b949c53f8626614b21ff71a07379d",
      "name": "rust-analyzer-2025-08-25",
      "pname": "rust-analyzer",
      "rev": "e643668fd71b949c53f8626614b21ff71a07379d",
      "rev_count": 866707,
      "rev_date": "2025-09-24T05:06:22Z",
      "scrape_date": "2025-09-26T04:13:36.707349Z",
      "stabilities": [
        "unstable"
      ],
      "unfree": false,
      "version": "2025-08-25",
      "outputs_to_install": [
        "out"
      ],
      "outputs": {
        "out": "/nix/store/gjjn5pcnsd5vkh8p8rzdjbwlhaj9prz0-rust-analyzer-2025-08-25"
      },
      "system": "aarch64-linux",
      "group": "rust-analyzer",
      "priority": 5
    },
    {
      "attr_path": "rust-analyzer",
      "broken": false,
      "derivation": "/nix/store/y6g4nnzparx8cm4gb8r6igrsla3z69g0-rust-analyzer-2025-08-25.drv",
      "description": "Modular compiler frontend for the Rust language",
      "install_id": "rust-analyzer",
      "license": "[ MIT, Apache-2.0 ]",
      "locked_url": "https://github.com/flox/nixpkgs?rev=e643668fd71b949c53f8626614b21ff71a07379d",
      "name": "rust-analyzer-2025-08-25",
      "pname": "rust-analyzer",
      "rev": "e643668fd71b949c53f8626614b21ff71a07379d",
      "rev_count": 866707,
      "rev_date": "2025-09-24T05:06:22Z",
      "scrape_date": "2025-09-26T04:41:01.434868Z",
      "stabilities": [
        "unstable"
      ],
      "unfree": false,
      "version": "2025-08-25",
      "outputs_to_install": [
        "out"
      ],
      "outputs": {
        "out": "/nix/store/3cgw8w8xqf626h9bkcwawwnqbggbmxj3-rust-analyzer-2025-08-25"
      },
      "system": "x86_64-darwin",
      "group": "rust-analyzer",
      "priority": 5
    },
    {
      "attr_path": "rust-analyzer",
      "broken": false,
      "derivation": "/nix/store/wh4vsg3idkzi7vy4059xfxsjjsaj49l2-rust-analyzer-2025-08-25.drv",
      "description": "Modular compiler frontend for the Rust language",
      "install_id": "rust-analyzer",
      "license": "[ MIT, Apache-2.0 ]",
      "locked_url": "https://github.com/flox/nixpkgs?rev=e643668fd71b949c53f8626614b21ff71a07379d",
      "name": "rust-analyzer-2025-08-25",
      "pname": "rust-analyzer",
      "rev": "e643668fd71b949c53f8626614b21ff71a07379d",
      "rev_count": 866707,
      "rev_date": "2025-09-24T05:06:22Z",
      "scrape_date": "2025-09-26T05:12:46.502556Z",
      "stabilities": [
        "unstable"
      ],
      "unfree": false,
      "version": "2025-08-25",
      "outputs_to_install": [
        "out"
      ],
      "outputs": {
        "out": "/nix/store/13irk3d1x0qihfhz2c1jv3d170p9sbnc-rust-analyzer-2025-08-25"
      },
      "system": "x86_64-linux",
      "group": "rust-analyzer",
      "priority": 5
    },
    {
      "attr_path": "cargo",
      "broken": false,
      "derivation": "/nix/store/28svwyswzdaj5icqiyyrcgzn84ylxc11-cargo-1.89.0.drv",
      "description": "Downloads your Rust project's dependencies and builds your project",
      "install_id": "cargo",
      "license": "[ MIT, Apache-2.0 ]",
      "locked_url": "https://github.com/flox/nixpkgs?rev=e643668fd71b949c53f8626614b21ff71a07379d",
      "name": "cargo-1.89.0",
      "pname": "cargo",
      "rev": "e643668fd71b949c53f8626614b21ff71a07379d",
      "rev_count": 866707,
      "rev_date": "2025-09-24T05:06:22Z",
      "scrape_date": "2025-09-26T03:42:34.714091Z",
      "stabilities": [
        "unstable"
      ],
      "unfree": false,
      "version": "1.89.0",
      "outputs_to_install": [
        "out"
      ],
      "outputs": {
        "out": "/nix/store/gzv6psv17kv7x9s01w8jhi0h2cg6z15p-cargo-1.89.0"
      },
      "system": "aarch64-darwin",
      "group": "rust-toolchain",
      "priority": 5
    },
    {
      "attr_path": "cargo",
      "broken": false,
      "derivation": "/nix/store/zzvvx666fnafml24c1iavi500vhx57v6-cargo-1.89.0.drv",
      "description": "Downloads your Rust project's dependencies and builds your project",
      "install_id": "cargo",
      "license": "[ MIT, Apache-2.0 ]",
      "locked_url": "https://github.com/flox/nixpkgs?rev=e643668fd71b949c53f8626614b21ff71a07379d",
      "name": "cargo-1.89.0",
      "pname": "cargo",
      "rev": "e643668fd71b949c53f8626614b21ff71a07379d",
      "rev_count": 866707,
      "rev_date": "2025-09-24T05:06:22Z",
      "scrape_date": "2025-09-26T04:11:32.651689Z",
      "stabilities": [
        "unstable"
      ],
      "unfree": false,
      "version": "1.89.0",
      "outputs_to_install": [
        "out"
      ],
      "outputs": {
        "out": "/nix/store/ahyjafkgyn6zji9qlvv92z8gxmcmaky4-cargo-1.89.0"
      },
      "system": "aarch64-linux",
      "group": "rust-toolchain",
      "priority": 5
    },
    {
      "attr_path": "cargo",
      "broken": false,
      "derivation": "/nix/store/l9wpmjjm0900hmpclgd98i2y2mvj2b6z-cargo-1.89.0.drv",
      "description": "Downloads your Rust project's dependencies and builds your project",
      "install_id": "cargo",
      "license": "[ MIT, Apache-2.0 ]",
      "locked_url": "https://github.com/flox/nixpkgs?rev=e643668fd71b949c53f8626614b21ff71a07379d",
      "name": "cargo-1.89.0",
      "pname": "cargo",
      "rev": "e643668fd71b949c53f8626614b21ff71a07379d",
      "rev_count": 866707,
      "rev_date": "2025-09-24T05:06:22Z",
      "scrape_date": "2025-09-26T04:39:32.041870Z",
      "stabilities": [
        "unstable"
      ],
      "unfree": false,
      "version": "1.89.0",
      "outputs_to_install": [
        "out"
      ],
      "outputs": {
        "out": "/nix/store/2a5rg88c4kc4mzjbbyah89c2hhyzjjp6-cargo-1.89.0"
      },
      "system": "x86_64-darwin",
      "group": "rust-toolchain",
      "priority": 5
    },
    {
      "attr_path": "cargo",
      "broken": false,
      "derivation": "/nix/store/0f5ann1sgwyp31vlfqqsnr95xzv3mzhf-cargo-1.89.0.drv",
      "description": "Downloads your Rust project's dependencies and builds your project",
      "install_id": "cargo",
      "license": "[ MIT, Apache-2.0 ]",
      "locked_url": "https://github.com/flox/nixpkgs?rev=e643668fd71b949c53f8626614b21ff71a07379d",
      "name": "cargo-1.89.0",
      "pname": "cargo",
      "rev": "e643668fd71b949c53f8626614b21ff71a07379d",
      "rev_count": 866707,
      "rev_date": "2025-09-24T05:06:22Z",
      "scrape_date": "2025-09-26T05:10:34.826127Z",
      "stabilities": [
        "unstable"
      ],
      "unfree": false,
      "version": "1.89.0",
      "outputs_to_install": [
        "out"
      ],
      "outputs": {
        "out": "/nix/store/xq6ns6hdgl7fdshisp5mb65f1jlysm0h-cargo-1.89.0"
      },
      "system": "x86_64-linux",
      "group": "rust-toolchain",
      "priority": 5
    },
    {
      "attr_path": "clippy",
      "broken": false,
      "derivation": "/nix/store/ycvkay64j1bx14z7p1w07lqa45gx09yj-clippy-1.89.0.drv",
      "description": "Bunch of lints to catch common mistakes and improve your Rust code",
      "install_id": "clippy",
      "license": "[ MIT, Apache-2.0 ]",
      "locked_url": "https://github.com/flox/nixpkgs?rev=e643668fd71b949c53f8626614b21ff71a07379d",
      "name": "clippy-1.89.0",
      "pname": "clippy",
      "rev": "e643668fd71b949c53f8626614b21ff71a07379d",
      "rev_count": 866707,
      "rev_date": "2025-09-24T05:06:22Z",
      "scrape_date": "2025-09-26T03:42:34.890785Z",
      "stabilities": [
        "unstable"
      ],
      "unfree": false,
      "version": "1.89.0",
      "outputs_to_install": [
        "out"
      ],
      "outputs": {
        "out": "/nix/store/lir6xy0c48yv9ql01rh37j1pn7aprx26-clippy-1.89.0"
      },
      "system": "aarch64-darwin",
      "group": "rust-toolchain",
      "priority": 5
    },
    {
      "attr_path": "clippy",
      "broken": false,
      "derivation": "/nix/store/6ksrgky10gdrd0ahdikfs6zqgd2l2cyv-clippy-1.89.0.drv",
      "description": "Bunch of lints to catch common mistakes and improve your Rust code",
      "install_id": "clippy",
      "license": "[ MIT, Apache-2.0 ]",
      "locked_url": "https://github.com/flox/nixpkgs?rev=e643668fd71b949c53f8626614b21ff71a07379d",
      "name": "clippy-1.89.0",
      "pname": "clippy",
      "rev": "e643668fd71b949c53f8626614b21ff71a07379d",
      "rev_count": 866707,
      "rev_date": "2025-09-24T05:06:22Z",
      "scrape_date": "2025-09-26T04:11:32.890984Z",
      "stabilities": [
        "unstable"
      ],
      "unfree": false,
      "version": "1.89.0",
      "outputs_to_install": [
        "out"
      ],
      "outputs": {
        "debug": "/nix/store/clcyvq3wnj9hcpi55c0735999p1x7blr-clippy-1.89.0-debug",
        "out": "/nix/store/7yrdzgagn32yvn6l0g9m7jgj113l9271-clippy-1.89.0"
      },
      "system": "aarch64-linux",
      "group": "rust-toolchain",
      "priority": 5
    },
    {
      "attr_path": "clippy",
      "broken": false,
      "derivation": "/nix/store/0zv2brsf0myff6ahfqgy7yhraqn8ln5z-clippy-1.89.0.drv",
      "description": "Bunch of lints to catch common mistakes and improve your Rust code",
      "install_id": "clippy",
      "license": "[ MIT, Apache-2.0 ]",
      "locked_url": "https://github.com/flox/nixpkgs?rev=e643668fd71b949c53f8626614b21ff71a07379d",
      "name": "clippy-1.89.0",
      "pname": "clippy",
      "rev": "e643668fd71b949c53f8626614b21ff71a07379d",
      "rev_count": 866707,
      "rev_date": "2025-09-24T05:06:22Z",
      "scrape_date": "2025-09-26T04:39:32.219787Z",
      "stabilities": [
        "unstable"
      ],
      "unfree": false,
      "version": "1.89.0",
      "outputs_to_install": [
        "out"
      ],
      "outputs": {
        "out": "/nix/store/khg7wkc43bigb8l9gf8snj5b80lylyld-clippy-1.89.0"
      },
      "system": "x86_64-darwin",
      "group": "rust-toolchain",
      "priority": 5
    },
    {
      "attr_path": "clippy",
      "broken": false,
      "derivation": "/nix/store/rnrv0yxmmvmqysygkng25zsb524w0p5d-clippy-1.89.0.drv",
      "description": "Bunch of lints to catch common mistakes and improve your Rust code",
      "install_id": "clippy",
      "license": "[ MIT, Apache-2.0 ]",
      "locked_url": "https://github.com/flox/nixpkgs?rev=e643668fd71b949c53f8626614b21ff71a07379d",
      "name": "clippy-1.89.0",
      "pname": "clippy",
      "rev": "e643668fd71b949c53f8626614b21ff71a07379d",
      "rev_count": 866707,
      "rev_date": "2025-09-24T05:06:22Z",
      "scrape_date": "2025-09-26T05:10:35.069886Z",
      "stabilities": [
        "unstable"
      ],
      "unfree": false,
      "version": "1.89.0",
      "outputs_to_install": [
        "out"
      ],
      "outputs": {
        "debug": "/nix/store/81c1ha8p1dscxbksy1zgdm9b5pga7gpz-clippy-1.89.0-debug",
        "out": "/nix/store/mzsh6fr9kzck0xh97d9kfd8h2iyfcyfb-clippy-1.89.0"
      },
      "system": "x86_64-linux",
      "group": "rust-toolchain",
      "priority": 5
    },
    {
      "attr_path": "rustPlatform.rustLibSrc",
      "broken": false,
      "derivation": "/nix/store/s21qvhv8hzb2gmcvmfyp6b00zpd182k6-rust-lib-src.drv",
      "install_id": "rust-lib-src",
      "locked_url": "https://github.com/flox/nixpkgs?rev=e643668fd71b949c53f8626614b21ff71a07379d",
      "name": "rust-lib-src",
      "pname": "rustLibSrc",
      "rev": "e643668fd71b949c53f8626614b21ff71a07379d",
      "rev_count": 866707,
      "rev_date": "2025-09-24T05:06:22Z",
      "scrape_date": "2025-09-26T03:45:04.355660Z",
      "stabilities": [
        "unstable"
      ],
      "unfree": false,
      "version": "rust-lib-src",
      "outputs_to_install": [
        "out"
      ],
      "outputs": {
        "out": "/nix/store/90x1dg19kg8slq7jk5zvix7f7q7j51xq-rust-lib-src"
      },
      "system": "aarch64-darwin",
      "group": "rust-toolchain",
      "priority": 5
    },
    {
      "attr_path": "rustPlatform.rustLibSrc",
      "broken": false,
      "derivation": "/nix/store/74c0xd1305d2nl7rn9cyrjgy61dlb3a6-rust-lib-src.drv",
      "install_id": "rust-lib-src",
      "locked_url": "https://github.com/flox/nixpkgs?rev=e643668fd71b949c53f8626614b21ff71a07379d",
      "name": "rust-lib-src",
      "pname": "rustLibSrc",
      "rev": "e643668fd71b949c53f8626614b21ff71a07379d",
      "rev_count": 866707,
      "rev_date": "2025-09-24T05:06:22Z",
      "scrape_date": "2025-09-26T04:14:56.477885Z",
      "stabilities": [
        "unstable"
      ],
      "unfree": false,
      "version": "rust-lib-src",
      "outputs_to_install": [
        "out"
      ],
      "outputs": {
        "out": "/nix/store/v6warxcrlb1ksscwp9dywbskmsdpw9wv-rust-lib-src"
      },
      "system": "aarch64-linux",
      "group": "rust-toolchain",
      "priority": 5
    },
    {
      "attr_path": "rustPlatform.rustLibSrc",
      "broken": false,
      "derivation": "/nix/store/p40zkwiym67p1s1ng1826vv3x2bvfbia-rust-lib-src.drv",
      "install_id": "rust-lib-src",
      "locked_url": "https://github.com/flox/nixpkgs?rev=e643668fd71b949c53f8626614b21ff71a07379d",
      "name": "rust-lib-src",
      "pname": "rustLibSrc",
      "rev": "e643668fd71b949c53f8626614b21ff71a07379d",
      "rev_count": 866707,
      "rev_date": "2025-09-24T05:06:22Z",
      "scrape_date": "2025-09-26T04:42:04.172309Z",
      "stabilities": [
        "unstable"
      ],
      "unfree": false,
      "version": "rust-lib-src",
      "outputs_to_install": [
        "out"
      ],
      "outputs": {
        "out": "/nix/store/na43p9zh9d0x222vva4mb2b34anhj4l2-rust-lib-src"
      },
      "system": "x86_64-darwin",
      "group": "rust-toolchain",
      "priority": 5
    },
    {
      "attr_path": "rustPlatform.rustLibSrc",
      "broken": false,
      "derivation": "/nix/store/74hdj06bvh6rx572jr2jwx30jpkbnkyz-rust-lib-src.drv",
      "install_id": "rust-lib-src",
      "locked_url": "https://github.com/flox/nixpkgs?rev=e643668fd71b949c53f8626614b21ff71a07379d",
      "name": "rust-lib-src",
      "pname": "rustLibSrc",
      "rev": "e643668fd71b949c53f8626614b21ff71a07379d",
      "rev_count": 866707,
      "rev_date": "2025-09-24T05:06:22Z",
      "scrape_date": "2025-09-26T05:14:10.960821Z",
      "stabilities": [
        "unstable"
      ],
      "unfree": false,
      "version": "rust-lib-src",
      "outputs_to_install": [
        "out"
      ],
      "outputs": {
        "out": "/nix/store/497imwr2k586w2ll2r8rji5jz92f2y9j-rust-lib-src"
      },
      "system": "x86_64-linux",
      "group": "rust-toolchain",
      "priority": 5
    },
    {
      "attr_path": "rustc",
      "broken": false,
      "derivation": "/nix/store/h7y7alkm8wya8dj6ifwbmfm55kfr2awx-rustc-wrapper-1.89.0.drv",
      "description": "Safe, concurrent, practical language (wrapper script)",
      "install_id": "rustc",
      "license": "[ MIT, Apache-2.0 ]",
      "locked_url": "https://github.com/flox/nixpkgs?rev=e643668fd71b949c53f8626614b21ff71a07379d",
      "name": "rustc-wrapper-1.89.0",
      "pname": "rustc",
      "rev": "e643668fd71b949c53f8626614b21ff71a07379d",
      "rev_count": 866707,
      "rev_date": "2025-09-24T05:06:22Z",
      "scrape_date": "2025-09-26T03:44:02.046662Z",
      "stabilities": [
        "unstable"
      ],
      "unfree": false,
      "version": "1.89.0",
      "outputs_to_install": [
        "man",
        "out"
      ],
      "outputs": {
        "doc": "/nix/store/jbw8jvpsjglk09wyxknnjfrsy42x654d-rustc-wrapper-1.89.0-doc",
        "man": "/nix/store/hqw8xk2qvyv7afmvllj2c4lzxylacw92-rustc-wrapper-1.89.0-man",
        "out": "/nix/store/ir2arizs2b2azr189dmyg4lhp0vps9nn-rustc-wrapper-1.89.0"
      },
      "system": "aarch64-darwin",
      "group": "rust-toolchain",
      "priority": 5
    },
    {
      "attr_path": "rustc",
      "broken": false,
      "derivation": "/nix/store/qa2jln5j19qim4npi9dhqrdm3isydm2x-rustc-wrapper-1.89.0.drv",
      "description": "Safe, concurrent, practical language (wrapper script)",
      "install_id": "rustc",
      "license": "[ MIT, Apache-2.0 ]",
      "locked_url": "https://github.com/flox/nixpkgs?rev=e643668fd71b949c53f8626614b21ff71a07379d",
      "name": "rustc-wrapper-1.89.0",
      "pname": "rustc",
      "rev": "e643668fd71b949c53f8626614b21ff71a07379d",
      "rev_count": 866707,
      "rev_date": "2025-09-24T05:06:22Z",
      "scrape_date": "2025-09-26T04:13:36.768528Z",
      "stabilities": [
        "unstable"
      ],
      "unfree": false,
      "version": "1.89.0",
      "outputs_to_install": [
        "man",
        "out"
      ],
      "outputs": {
        "doc": "/nix/store/kwaljcc4wij7gn4g6w7g1chdgyhgfv17-rustc-wrapper-1.89.0-doc",
        "man": "/nix/store/n1xxlafvvfa6yy0bqpifv95vz2nyfjyn-rustc-wrapper-1.89.0-man",
        "out": "/nix/store/yxh9cs2lshqgk6h0kp256yms3w8qwmsz-rustc-wrapper-1.89.0"
      },
      "system": "aarch64-linux",
      "group": "rust-toolchain",
      "priority": 5
    },
    {
      "attr_path": "rustc",
      "broken": false,
      "derivation": "/nix/store/d4hipi0d0csrs077yzjd13s5daj2fh4v-rustc-wrapper-1.89.0.drv",
      "description": "Safe, concurrent, practical language (wrapper script)",
      "install_id": "rustc",
      "license": "[ MIT, Apache-2.0 ]",
      "locked_url": "https://github.com/flox/nixpkgs?rev=e643668fd71b949c53f8626614b21ff71a07379d",
      "name": "rustc-wrapper-1.89.0",
      "pname": "rustc",
      "rev": "e643668fd71b949c53f8626614b21ff71a07379d",
      "rev_count": 866707,
      "rev_date": "2025-09-24T05:06:22Z",
      "scrape_date": "2025-09-26T04:41:01.485051Z",
      "stabilities": [
        "unstable"
      ],
      "unfree": false,
      "version": "1.89.0",
      "outputs_to_install": [
        "man",
        "out"
      ],
      "outputs": {
        "doc": "/nix/store/7nkka183wnqgwdfd27a8bzkxwpczmbd1-rustc-wrapper-1.89.0-doc",
        "man": "/nix/store/zainldlgd3zz8wsxgri4w4qlzdyrjhah-rustc-wrapper-1.89.0-man",
        "out": "/nix/store/h1vqiwjdahfzvy9w192kz4pjqsic2bkp-rustc-wrapper-1.89.0"
      },
      "system": "x86_64-darwin",
      "group": "rust-toolchain",
      "priority": 5
    },
    {
      "attr_path": "rustc",
      "broken": false,
      "derivation": "/nix/store/4bycw2rdgf33gmn1z26knv8grxxh06w5-rustc-wrapper-1.89.0.drv",
      "description": "Safe, concurrent, practical language (wrapper script)",
      "install_id": "rustc",
      "license": "[ MIT, Apache-2.0 ]",
      "locked_url": "https://github.com/flox/nixpkgs?rev=e643668fd71b949c53f8626614b21ff71a07379d",
      "name": "rustc-wrapper-1.89.0",
      "pname": "rustc",
      "rev": "e643668fd71b949c53f8626614b21ff71a07379d",
      "rev_count": 866707,
      "rev_date": "2025-09-24T05:06:22Z",
      "scrape_date": "2025-09-26T05:12:46.560720Z",
      "stabilities": [
        "unstable"
      ],
      "unfree": false,
      "version": "1.89.0",
      "outputs_to_install": [
        "man",
        "out"
      ],
      "outputs": {
        "doc": "/nix/store/7ns2kwk74yn86csi2cpcxpnl3qg32s19-rustc-wrapper-1.89.0-doc",
        "man": "/nix/store/1qas0d89hs3lzccywq1zhpwgf3rnh8p1-rustc-wrapper-1.89.0-man",
        "out": "/nix/store/hcginxlb1vivl6v6vjmi61s96082270d-rustc-wrapper-1.89.0"
      },
      "system": "x86_64-linux",
      "group": "rust-toolchain",
      "priority": 5
    },
    {
      "attr_path": "rustfmt",
      "broken": false,
      "derivation": "/nix/store/k77vdn728hkvsbplrmkrsnm39ccp6l9h-rustfmt-1.89.0.drv",
      "description": "Tool for formatting Rust code according to style guidelines",
      "install_id": "rustfmt",
      "license": "[ MIT, Apache-2.0 ]",
      "locked_url": "https://github.com/flox/nixpkgs?rev=e643668fd71b949c53f8626614b21ff71a07379d",
      "name": "rustfmt-1.89.0",
      "pname": "rustfmt",
      "rev": "e643668fd71b949c53f8626614b21ff71a07379d",
      "rev_count": 866707,
      "rev_date": "2025-09-24T05:06:22Z",
      "scrape_date": "2025-09-26T03:44:02.065486Z",
      "stabilities": [
        "unstable"
      ],
      "unfree": false,
      "version": "1.89.0",
      "outputs_to_install": [
        "out"
      ],
      "outputs": {
        "out": "/nix/store/m46axwglrbpxm3d0a2zzm62wpv956461-rustfmt-1.89.0"
      },
      "system": "aarch64-darwin",
      "group": "rust-toolchain",
      "priority": 5
    },
    {
      "attr_path": "rustfmt",
      "broken": false,
      "derivation": "/nix/store/b6fhwkpl91c9sxd7y7rzhgwwrbg70rr6-rustfmt-1.89.0.drv",
      "description": "Tool for formatting Rust code according to style guidelines",
      "install_id": "rustfmt",
      "license": "[ MIT, Apache-2.0 ]",
      "locked_url": "https://github.com/flox/nixpkgs?rev=e643668fd71b949c53f8626614b21ff71a07379d",
      "name": "rustfmt-1.89.0",
      "pname": "rustfmt",
      "rev": "e643668fd71b949c53f8626614b21ff71a07379d",
      "rev_count": 866707,
      "rev_date": "2025-09-24T05:06:22Z",
      "scrape_date": "2025-09-26T04:13:36.801261Z",
      "stabilities": [
        "unstable"
      ],
      "unfree": false,
      "version": "1.89.0",
      "outputs_to_install": [
        "out"
      ],
      "outputs": {
        "out": "/nix/store/lk7ill5b5n7rivr3b24q7gszjdgw7xdh-rustfmt-1.89.0"
      },
      "system": "aarch64-linux",
      "group": "rust-toolchain",
      "priority": 5
    },
    {
      "attr_path": "rustfmt",
      "broken": false,
      "derivation": "/nix/store/jj3jfqcwpqzh1pdxwry57rw2diwwsmny-rustfmt-1.89.0.drv",
      "description": "Tool for formatting Rust code according to style guidelines",
      "install_id": "rustfmt",
      "license": "[ MIT, Apache-2.0 ]",
      "locked_url": "https://github.com/flox/nixpkgs?rev=e643668fd71b949c53f8626614b21ff71a07379d",
      "name": "rustfmt-1.89.0",
      "pname": "rustfmt",
      "rev": "e643668fd71b949c53f8626614b21ff71a07379d",
      "rev_count": 866707,
      "rev_date": "2025-09-24T05:06:22Z",
      "scrape_date": "2025-09-26T04:41:01.505423Z",
      "stabilities": [
        "unstable"
      ],
      "unfree": false,
      "version": "1.89.0",
      "outputs_to_install": [
        "out"
      ],
      "outputs": {
        "out": "/nix/store/x0x8ikn0gz0alg07fh0hnf0znl2mzm2m-rustfmt-1.89.0"
      },
      "system": "x86_64-darwin",
      "group": "rust-toolchain",
      "priority": 5
    },
    {
      "attr_path": "rustfmt",
      "broken": false,
      "derivation": "/nix/store/vldixnarn8sh84ls0lcq7qxh1ga5x8gd-rustfmt-1.89.0.drv",
      "description": "Tool for formatting Rust code according to style guidelines",
      "install_id": "rustfmt",
      "license": "[ MIT, Apache-2.0 ]",
      "locked_url": "https://github.com/flox/nixpkgs?rev=e643668fd71b949c53f8626614b21ff71a07379d",
      "name": "rustfmt-1.89.0",
      "pname": "rustfmt",
      "rev": "e643668fd71b949c53f8626614b21ff71a07379d",
      "rev_count": 866707,
      "rev_date": "2025-09-24T05:06:22Z",
      "scrape_date": "2025-09-26T05:12:46.595156Z",
      "stabilities": [
        "unstable"
      ],
      "unfree": false,
      "version": "1.89.0",
      "outputs_to_install": [
        "out"
      ],
      "outputs": {
        "out": "/nix/store/26qhfy2g59mg6q1y0xdgd8ji06v7vnww-rustfmt-1.89.0"
      },
      "system": "x86_64-linux",
      "group": "rust-toolchain",
      "priority": 5
    },
    {
      "attr_path": "clang",
      "broken": false,
      "derivation": "/nix/store/wb65lsb0lqnf9km0jcs3vbyz5qi9aib4-clang-wrapper-19.1.7.drv",
      "description": "C language family frontend for LLVM (wrapper script)",
      "install_id": "clang",
      "license": "[ NCSA, Apache-2.0, LLVM-exception ]",
      "locked_url": "https://github.com/flox/nixpkgs?rev=e643668fd71b949c53f8626614b21ff71a07379d",
      "name": "clang-wrapper-19.1.7",
      "pname": "clang",
      "rev": "e643668fd71b949c53f8626614b21ff71a07379d",
      "rev_count": 866707,
      "rev_date": "2025-09-24T05:06:22Z",
      "scrape_date": "2025-09-26T03:42:34.879433Z",
      "stabilities": [
        "unstable"
      ],
      "unfree": false,
      "version": "19.1.7",
      "outputs_to_install": [
        "out"
      ],
      "outputs": {
        "out": "/nix/store/zzx6cfl99zknfrj9v7lmrshwzslfjv26-clang-wrapper-19.1.7"
      },
      "system": "aarch64-darwin",
      "group": "toplevel",
      "priority": 5
    },
    {
      "attr_path": "clang",
      "broken": false,
      "derivation": "/nix/store/dwvs4irz4mdn0zbwp1kr6abkaysy77m6-clang-wrapper-19.1.7.drv",
      "description": "C language family frontend for LLVM (wrapper script)",
      "install_id": "clang",
      "license": "[ NCSA, Apache-2.0, LLVM-exception ]",
      "locked_url": "https://github.com/flox/nixpkgs?rev=e643668fd71b949c53f8626614b21ff71a07379d",
      "name": "clang-wrapper-19.1.7",
      "pname": "clang",
      "rev": "e643668fd71b949c53f8626614b21ff71a07379d",
      "rev_count": 866707,
      "rev_date": "2025-09-24T05:06:22Z",
      "scrape_date": "2025-09-26T04:39:32.208121Z",
      "stabilities": [
        "unstable"
      ],
      "unfree": false,
      "version": "19.1.7",
      "outputs_to_install": [
        "out"
      ],
      "outputs": {
        "out": "/nix/store/fk99cziyah7im2bahq2gw71cj90hwcq6-clang-wrapper-19.1.7"
      },
      "system": "x86_64-darwin",
      "group": "toplevel",
      "priority": 5
    },
    {
      "attr_path": "gcc",
      "broken": false,
      "derivation": "/nix/store/xgd6sn2nbpk6p8hfkwfnaggapfa486id-gcc-wrapper-14.3.0.drv",
      "description": "GNU Compiler Collection, version 14.3.0 (wrapper script)",
      "install_id": "gcc",
      "license": "GPL-3.0-or-later",
      "locked_url": "https://github.com/flox/nixpkgs?rev=e643668fd71b949c53f8626614b21ff71a07379d",
      "name": "gcc-wrapper-14.3.0",
      "pname": "gcc",
      "rev": "e643668fd71b949c53f8626614b21ff71a07379d",
      "rev_count": 866707,
      "rev_date": "2025-09-24T05:06:22Z",
      "scrape_date": "2025-09-26T04:11:33.918230Z",
      "stabilities": [
        "unstable"
      ],
      "unfree": false,
      "version": "14.3.0",
      "outputs_to_install": [
        "man",
        "out"
      ],
      "outputs": {
        "info": "/nix/store/x2q2m245k44wxcskdknl5xdqrsya7fcy-gcc-wrapper-14.3.0-info",
        "man": "/nix/store/f5k9bkq97gqc4ajmbavv3wxdwcqmng64-gcc-wrapper-14.3.0-man",
        "out": "/nix/store/hf8w753nxqwkc5y5kjx33fx8fxw2dczp-gcc-wrapper-14.3.0"
      },
      "system": "aarch64-linux",
      "group": "toplevel",
      "priority": 5
    },
    {
      "attr_path": "gcc",
      "broken": false,
      "derivation": "/nix/store/i9kj1nhzkg91xsq8ny4z4hipl0b42kad-gcc-wrapper-14.3.0.drv",
      "description": "GNU Compiler Collection, version 14.3.0 (wrapper script)",
      "install_id": "gcc",
      "license": "GPL-3.0-or-later",
      "locked_url": "https://github.com/flox/nixpkgs?rev=e643668fd71b949c53f8626614b21ff71a07379d",
      "name": "gcc-wrapper-14.3.0",
      "pname": "gcc",
      "rev": "e643668fd71b949c53f8626614b21ff71a07379d",
      "rev_count": 866707,
      "rev_date": "2025-09-24T05:06:22Z",
      "scrape_date": "2025-09-26T05:10:36.202850Z",
      "stabilities": [
        "unstable"
      ],
      "unfree": false,
      "version": "14.3.0",
      "outputs_to_install": [
        "man",
        "out"
      ],
      "outputs": {
        "info": "/nix/store/12sy2qyk3qir1rg4jdrdnj91jaw50my2-gcc-wrapper-14.3.0-info",
        "man": "/nix/store/ds5j2vvwhdvfgkjp7jnfx82bqswks46x-gcc-wrapper-14.3.0-man",
        "out": "/nix/store/95k9rsn1zsw1yvir8mj824ldhf90i4qw-gcc-wrapper-14.3.0"
      },
      "system": "x86_64-linux",
      "group": "toplevel",
      "priority": 5
    },
    {
      "attr_path": "libiconv",
      "broken": false,
      "derivation": "/nix/store/d21w5kgpc8829hzmmhfcw7iq5fndkv3h-libiconv-109.drv",
      "description": "Iconv(3) implementation",
      "install_id": "libiconv",
      "license": "[ BSD-2-Clause, BSD-3-Clause, APSL-1.0 ]",
      "locked_url": "https://github.com/flox/nixpkgs?rev=e643668fd71b949c53f8626614b21ff71a07379d",
      "name": "libiconv-109",
      "pname": "libiconv",
      "rev": "e643668fd71b949c53f8626614b21ff71a07379d",
      "rev_count": 866707,
      "rev_date": "2025-09-24T05:06:22Z",
      "scrape_date": "2025-09-26T03:42:50.646669Z",
      "stabilities": [
        "unstable"
      ],
      "unfree": false,
      "version": "109",
      "outputs_to_install": [
        "out"
      ],
      "outputs": {
        "dev": "/nix/store/7s8gizw7d3hw8wyf7npayp5dk47727mz-libiconv-109-dev",
        "out": "/nix/store/clci1zxqwa39qp135b1lfbbwad9qa4g0-libiconv-109"
      },
      "system": "aarch64-darwin",
      "group": "toplevel",
      "priority": 5
    },
    {
      "attr_path": "libiconv",
      "broken": false,
      "derivation": "/nix/store/zsbd141b7rq2639c2lq5xsn0xcdc9i9s-libiconv-109.drv",
      "description": "Iconv(3) implementation",
      "install_id": "libiconv",
      "license": "[ BSD-2-Clause, BSD-3-Clause, APSL-1.0 ]",
      "locked_url": "https://github.com/flox/nixpkgs?rev=e643668fd71b949c53f8626614b21ff71a07379d",
      "name": "libiconv-109",
      "pname": "libiconv",
      "rev": "e643668fd71b949c53f8626614b21ff71a07379d",
      "rev_count": 866707,
      "rev_date": "2025-09-24T05:06:22Z",
      "scrape_date": "2025-09-26T04:39:48.713888Z",
      "stabilities": [
        "unstable"
      ],
      "unfree": false,
      "version": "109",
      "outputs_to_install": [
        "out"
      ],
      "outputs": {
        "dev": "/nix/store/sqrlc5n1sar9aynzqym3gbm2p98hx7cn-libiconv-109-dev",
        "out": "/nix/store/4idh8sgmy2wafmvmbab8dw0053jgwr8c-libiconv-109"
      },
      "system": "x86_64-darwin",
      "group": "toplevel",
      "priority": 5
    }
  ]
}